
Microsoft Visual Studio Solution File, Format Version 12.00
# Visual Studio 2012
Project("{D954291E-2A0B-460D-934E-DC6B0785DB48}") = "SamplePage", "SamplePage\SamplePage.shproj", "{3B012591-C11C-4A1E-AF63-9AC9A15C512A}"
EndProject
Project("{FAE04EC0-301F-11D3-BF4B-00C04F79EFBC}") = "SamplePage.iOS", "iOS\SamplePage.iOS.csproj", "{290E0F38-0E75-4DA0-B271-FEDE533460ED}"
EndProject
Project("{FAE04EC0-301F-11D3-BF4B-00C04F79EFBC}") = "SamplePage.Droid", "Droid\SamplePage.Droid.csproj", "{2DC6A79D-A856-4B0F-B765-83DCECF614D3}"
EndProject
Global
	GlobalSection(SolutionConfigurationPlatforms) = preSolution
		Debug|iPhoneSimulator = Debug|iPhoneSimulator
		Release|iPhone = Release|iPhone
		Release|iPhoneSimulator = Release|iPhoneSimulator
		Debug|iPhone = Debug|iPhone
		Debug|Any CPU = Debug|Any CPU
		Release|Any CPU = Release|Any CPU
	EndGlobalSection
	GlobalSection(ProjectConfigurationPlatforms) = postSolution
		{290E0F38-0E75-4DA0-B271-FEDE533460ED}.Debug|iPhoneSimulator.ActiveCfg = Debug|iPhoneSimulator
		{290E0F38-0E75-4DA0-B271-FEDE533460ED}.Debug|iPhoneSimulator.Build.0 = Debug|iPhoneSimulator
		{290E0F38-0E75-4DA0-B271-FEDE533460ED}.Release|iPhone.ActiveCfg = Release|iPhone
		{290E0F38-0E75-4DA0-B271-FEDE533460ED}.Release|iPhone.Build.0 = Release|iPhone
		{290E0F38-0E75-4DA0-B271-FEDE533460ED}.Release|iPhoneSimulator.ActiveCfg = Release|iPhoneSimulator
		{290E0F38-0E75-4DA0-B271-FEDE533460ED}.Release|iPhoneSimulator.Build.0 = Release|iPhoneSimulator
		{290E0F38-0E75-4DA0-B271-FEDE533460ED}.Debug|iPhone.ActiveCfg = Debug|iPhone
		{290E0F38-0E75-4DA0-B271-FEDE533460ED}.Debug|iPhone.Build.0 = Debug|iPhone
		{290E0F38-0E75-4DA0-B271-FEDE533460ED}.Debug|Any CPU.ActiveCfg = Debug|iPhoneSimulator
		{290E0F38-0E75-4DA0-B271-FEDE533460ED}.Debug|Any CPU.Build.0 = Debug|iPhoneSimulator
		{290E0F38-0E75-4DA0-B271-FEDE533460ED}.Release|Any CPU.ActiveCfg = Release|iPhone
		{290E0F38-0E75-4DA0-B271-FEDE533460ED}.Release|Any CPU.Build.0 = Release|iPhone
		{2DC6A79D-A856-4B0F-B765-83DCECF614D3}.Debug|iPhoneSimulator.ActiveCfg = Debug|Any CPU
		{2DC6A79D-A856-4B0F-B765-83DCECF614D3}.Debug|iPhoneSimulator.Build.0 = Debug|Any CPU
		{2DC6A79D-A856-4B0F-B765-83DCECF614D3}.Release|iPhone.ActiveCfg = Release|Any CPU
		{2DC6A79D-A856-4B0F-B765-83DCECF614D3}.Release|iPhone.Build.0 = Release|Any CPU
		{2DC6A79D-A856-4B0F-B765-83DCECF614D3}.Release|iPhoneSimulator.ActiveCfg = Release|Any CPU
		{2DC6A79D-A856-4B0F-B765-83DCECF614D3}.Release|iPhoneSimulator.Build.0 = Release|Any CPU
		{2DC6A79D-A856-4B0F-B765-83DCECF614D3}.Debug|iPhone.ActiveCfg = Debug|Any CPU
		{2DC6A79D-A856-4B0F-B765-83DCECF614D3}.Debug|iPhone.Build.0 = Debug|Any CPU
		{2DC6A79D-A856-4B0F-B765-83DCECF614D3}.Debug|Any CPU.ActiveCfg = Debug|Any CPU
		{2DC6A79D-A856-4B0F-B765-83DCECF614D3}.Debug|Any CPU.Build.0 = Debug|Any CPU
		{2DC6A79D-A856-4B0F-B765-83DCECF614D3}.Release|Any CPU.ActiveCfg = Release|Any CPU
		{2DC6A79D-A856-4B0F-B765-83DCECF614D3}.Release|Any CPU.Build.0 = Release|Any CPU
	EndGlobalSection
EndGlobal
